// !$*UTF8*$!
{
	archiveVersion = 1;
	classes = {
	};
	objectVersion = 50;
	objects = {

/* Begin PBXBuildFile section */
		1F40A450263A6F81009EE8B2 /* APIService.swift in Sources */ = {isa = PBXBuildFile; fileRef = 1F40A44F263A6F81009EE8B2 /* APIService.swift */; };
		1F40A455263A73E1009EE8B2 /* StoreModel.swift in Sources */ = {isa = PBXBuildFile; fileRef = 1F40A454263A73E1009EE8B2 /* StoreModel.swift */; };
		1F40A45A263A81DD009EE8B2 /* ProductModel.swift in Sources */ = {isa = PBXBuildFile; fileRef = 1F40A459263A81DD009EE8B2 /* ProductModel.swift */; };
		1F40A45F263A8509009EE8B2 /* ProductsDetail.swift in Sources */ = {isa = PBXBuildFile; fileRef = 1F40A45E263A8509009EE8B2 /* ProductsDetail.swift */; };
		1F4947F126392A7200636706 /* AppDelegate.swift in Sources */ = {isa = PBXBuildFile; fileRef = 1F4947F026392A7200636706 /* AppDelegate.swift */; };
		1F4947F326392A7200636706 /* SceneDelegate.swift in Sources */ = {isa = PBXBuildFile; fileRef = 1F4947F226392A7200636706 /* SceneDelegate.swift */; };
		1F4947FA26392A7300636706 /* Assets.xcassets in Resources */ = {isa = PBXBuildFile; fileRef = 1F4947F926392A7300636706 /* Assets.xcassets */; };
		1F4947FD26392A7300636706 /* LaunchScreen.storyboard in Resources */ = {isa = PBXBuildFile; fileRef = 1F4947FB26392A7300636706 /* LaunchScreen.storyboard */; };
		1F49480826392A7300636706 /* MVVMDemoProjectTests.swift in Sources */ = {isa = PBXBuildFile; fileRef = 1F49480726392A7300636706 /* MVVMDemoProjectTests.swift */; };
		1F49481326392A7300636706 /* MVVMDemoProjectUITests.swift in Sources */ = {isa = PBXBuildFile; fileRef = 1F49481226392A7300636706 /* MVVMDemoProjectUITests.swift */; };
		1F494833263930A900636706 /* MainVC.swift in Sources */ = {isa = PBXBuildFile; fileRef = 1F494832263930A900636706 /* MainVC.swift */; };
/* End PBXBuildFile section */

/* Begin PBXContainerItemProxy section */
		1F49480426392A7300636706 /* PBXContainerItemProxy */ = {
			isa = PBXContainerItemProxy;
			containerPortal = 1F4947E526392A7200636706 /* Project object */;
			proxyType = 1;
			remoteGlobalIDString = 1F4947EC26392A7200636706;
			remoteInfo = MVVMDemoProject;
		};
		1F49480F26392A7300636706 /* PBXContainerItemProxy */ = {
			isa = PBXContainerItemProxy;
			containerPortal = 1F4947E526392A7200636706 /* Project object */;
			proxyType = 1;
			remoteGlobalIDString = 1F4947EC26392A7200636706;
			remoteInfo = MVVMDemoProject;
		};
/* End PBXContainerItemProxy section */

/* Begin PBXFileReference section */
		1F40A44F263A6F81009EE8B2 /* APIService.swift */ = {isa = PBXFileReference; lastKnownFileType = sourcecode.swift; path = APIService.swift; sourceTree = "<group>"; };
		1F40A454263A73E1009EE8B2 /* StoreModel.swift */ = {isa = PBXFileReference; lastKnownFileType = sourcecode.swift; path = StoreModel.swift; sourceTree = "<group>"; };
		1F40A459263A81DD009EE8B2 /* ProductModel.swift */ = {isa = PBXFileReference; lastKnownFileType = sourcecode.swift; path = ProductModel.swift; sourceTree = "<group>"; };
		1F40A45E263A8509009EE8B2 /* ProductsDetail.swift */ = {isa = PBXFileReference; lastKnownFileType = sourcecode.swift; path = ProductsDetail.swift; sourceTree = "<group>"; };
		1F4947ED26392A7200636706 /* MVVMDemoProject.app */ = {isa = PBXFileReference; explicitFileType = wrapper.application; includeInIndex = 0; path = MVVMDemoProject.app; sourceTree = BUILT_PRODUCTS_DIR; };
		1F4947F026392A7200636706 /* AppDelegate.swift */ = {isa = PBXFileReference; lastKnownFileType = sourcecode.swift; path = AppDelegate.swift; sourceTree = "<group>"; };
		1F4947F226392A7200636706 /* SceneDelegate.swift */ = {isa = PBXFileReference; lastKnownFileType = sourcecode.swift; path = SceneDelegate.swift; sourceTree = "<group>"; };
		1F4947F926392A7300636706 /* Assets.xcassets */ = {isa = PBXFileReference; lastKnownFileType = folder.assetcatalog; path = Assets.xcassets; sourceTree = "<group>"; };
		1F4947FC26392A7300636706 /* Base */ = {isa = PBXFileReference; lastKnownFileType = file.storyboard; name = Base; path = Base.lproj/LaunchScreen.storyboard; sourceTree = "<group>"; };
		1F4947FE26392A7300636706 /* Info.plist */ = {isa = PBXFileReference; lastKnownFileType = text.plist.xml; path = Info.plist; sourceTree = "<group>"; };
		1F49480326392A7300636706 /* MVVMDemoProjectTests.xctest */ = {isa = PBXFileReference; explicitFileType = wrapper.cfbundle; includeInIndex = 0; path = MVVMDemoProjectTests.xctest; sourceTree = BUILT_PRODUCTS_DIR; };
		1F49480726392A7300636706 /* MVVMDemoProjectTests.swift */ = {isa = PBXFileReference; lastKnownFileType = sourcecode.swift; path = MVVMDemoProjectTests.swift; sourceTree = "<group>"; };
		1F49480926392A7300636706 /* Info.plist */ = {isa = PBXFileReference; lastKnownFileType = text.plist.xml; path = Info.plist; sourceTree = "<group>"; };
		1F49480E26392A7300636706 /* MVVMDemoProjectUITests.xctest */ = {isa = PBXFileReference; explicitFileType = wrapper.cfbundle; includeInIndex = 0; path = MVVMDemoProjectUITests.xctest; sourceTree = BUILT_PRODUCTS_DIR; };
		1F49481226392A7300636706 /* MVVMDemoProjectUITests.swift */ = {isa = PBXFileReference; lastKnownFileType = sourcecode.swift; path = MVVMDemoProjectUITests.swift; sourceTree = "<group>"; };
		1F49481426392A7300636706 /* Info.plist */ = {isa = PBXFileReference; lastKnownFileType = text.plist.xml; path = Info.plist; sourceTree = "<group>"; };
		1F494832263930A900636706 /* MainVC.swift */ = {isa = PBXFileReference; lastKnownFileType = sourcecode.swift; path = MainVC.swift; sourceTree = "<group>"; };
/* End PBXFileReference section */

/* Begin PBXFrameworksBuildPhase section */
		1F4947EA26392A7200636706 /* Frameworks */ = {
			isa = PBXFrameworksBuildPhase;
			buildActionMask = 2147483647;
			files = (
			);
			runOnlyForDeploymentPostprocessing = 0;
		};
		1F49480026392A7300636706 /* Frameworks */ = {
			isa = PBXFrameworksBuildPhase;
			buildActionMask = 2147483647;
			files = (
			);
			runOnlyForDeploymentPostprocessing = 0;
		};
		1F49480B26392A7300636706 /* Frameworks */ = {
			isa = PBXFrameworksBuildPhase;
			buildActionMask = 2147483647;
			files = (
			);
			runOnlyForDeploymentPostprocessing = 0;
		};
/* End PBXFrameworksBuildPhase section */

/* Begin PBXGroup section */
		1F4947E426392A7200636706 = {
			isa = PBXGroup;
			children = (
				1F4947EF26392A7200636706 /* MVVMDemoProject */,
				1F49480626392A7300636706 /* MVVMDemoProjectTests */,
				1F49481126392A7300636706 /* MVVMDemoProjectUITests */,
				1F4947EE26392A7200636706 /* Products */,
			);
			sourceTree = "<group>";
		};
		1F4947EE26392A7200636706 /* Products */ = {
			isa = PBXGroup;
			children = (
				1F4947ED26392A7200636706 /* MVVMDemoProject.app */,
				1F49480326392A7300636706 /* MVVMDemoProjectTests.xctest */,
				1F49480E26392A7300636706 /* MVVMDemoProjectUITests.xctest */,
			);
			name = Products;
			sourceTree = "<group>";
		};
		1F4947EF26392A7200636706 /* MVVMDemoProject */ = {
			isa = PBXGroup;
			children = (
				1F49482E2639308200636706 /* API */,
				1F49482D2639307D00636706 /* Helper */,
				1F49482C2639306F00636706 /* ViewModels */,
				1F49482B2639306900636706 /* Models */,
				1F49482A2639306300636706 /* Views */,
				1F4948292639305C00636706 /* Controller */,
				1F4947F026392A7200636706 /* AppDelegate.swift */,
				1F4947F226392A7200636706 /* SceneDelegate.swift */,
				1F4947F926392A7300636706 /* Assets.xcassets */,
				1F4947FB26392A7300636706 /* LaunchScreen.storyboard */,
				1F4947FE26392A7300636706 /* Info.plist */,
			);
			path = MVVMDemoProject;
			sourceTree = "<group>";
		};
		1F49480626392A7300636706 /* MVVMDemoProjectTests */ = {
			isa = PBXGroup;
			children = (
				1F49480726392A7300636706 /* MVVMDemoProjectTests.swift */,
				1F49480926392A7300636706 /* Info.plist */,
			);
			path = MVVMDemoProjectTests;
			sourceTree = "<group>";
		};
		1F49481126392A7300636706 /* MVVMDemoProjectUITests */ = {
			isa = PBXGroup;
			children = (
				1F49481226392A7300636706 /* MVVMDemoProjectUITests.swift */,
				1F49481426392A7300636706 /* Info.plist */,
			);
			path = MVVMDemoProjectUITests;
			sourceTree = "<group>";
		};
		1F4948292639305C00636706 /* Controller */ = {
			isa = PBXGroup;
			children = (
				1F494832263930A900636706 /* MainVC.swift */,
				1F40A45E263A8509009EE8B2 /* ProductsDetail.swift */,
			);
			path = Controller;
			sourceTree = "<group>";
		};
		1F49482A2639306300636706 /* Views */ = {
			isa = PBXGroup;
			children = (
			);
			path = Views;
			sourceTree = "<group>";
		};
		1F49482B2639306900636706 /* Models */ = {
			isa = PBXGroup;
			children = (
				1F40A454263A73E1009EE8B2 /* StoreModel.swift */,
				1F40A459263A81DD009EE8B2 /* ProductModel.swift */,
			);
			path = Models;
			sourceTree = "<group>";
		};
		1F49482C2639306F00636706 /* ViewModels */ = {
			isa = PBXGroup;
			children = (
			);
			path = ViewModels;
			sourceTree = "<group>";
		};
		1F49482D2639307D00636706 /* Helper */ = {
			isa = PBXGroup;
			children = (
			);
			path = Helper;
			sourceTree = "<group>";
		};
		1F49482E2639308200636706 /* API */ = {
			isa = PBXGroup;
			children = (
				1F40A44F263A6F81009EE8B2 /* APIService.swift */,
			);
			path = API;
			sourceTree = "<group>";
		};
/* End PBXGroup section */

/* Begin PBXNativeTarget section */
		1F4947EC26392A7200636706 /* MVVMDemoProject */ = {
			isa = PBXNativeTarget;
			buildConfigurationList = 1F49481726392A7300636706 /* Build configuration list for PBXNativeTarget "MVVMDemoProject" */;
			buildPhases = (
				1F4947E926392A7200636706 /* Sources */,
				1F4947EA26392A7200636706 /* Frameworks */,
				1F4947EB26392A7200636706 /* Resources */,
			);
			buildRules = (
			);
			dependencies = (
			);
			name = MVVMDemoProject;
			productName = MVVMDemoProject;
			productReference = 1F4947ED26392A7200636706 /* MVVMDemoProject.app */;
			productType = "com.apple.product-type.application";
		};
		1F49480226392A7300636706 /* MVVMDemoProjectTests */ = {
			isa = PBXNativeTarget;
			buildConfigurationList = 1F49481A26392A7300636706 /* Build configuration list for PBXNativeTarget "MVVMDemoProjectTests" */;
			buildPhases = (
				1F4947FF26392A7300636706 /* Sources */,
				1F49480026392A7300636706 /* Frameworks */,
				1F49480126392A7300636706 /* Resources */,
			);
			buildRules = (
			);
			dependencies = (
				1F49480526392A7300636706 /* PBXTargetDependency */,
			);
			name = MVVMDemoProjectTests;
			productName = MVVMDemoProjectTests;
			productReference = 1F49480326392A7300636706 /* MVVMDemoProjectTests.xctest */;
			productType = "com.apple.product-type.bundle.unit-test";
		};
		1F49480D26392A7300636706 /* MVVMDemoProjectUITests */ = {
			isa = PBXNativeTarget;
			buildConfigurationList = 1F49481D26392A7300636706 /* Build configuration list for PBXNativeTarget "MVVMDemoProjectUITests" */;
			buildPhases = (
				1F49480A26392A7300636706 /* Sources */,
				1F49480B26392A7300636706 /* Frameworks */,
				1F49480C26392A7300636706 /* Resources */,
			);
			buildRules = (
			);
			dependencies = (
				1F49481026392A7300636706 /* PBXTargetDependency */,
			);
			name = MVVMDemoProjectUITests;
			productName = MVVMDemoProjectUITests;
			productReference = 1F49480E26392A7300636706 /* MVVMDemoProjectUITests.xctest */;
			productType = "com.apple.product-type.bundle.ui-testing";
		};
/* End PBXNativeTarget section */

/* Begin PBXProject section */
		1F4947E526392A7200636706 /* Project object */ = {
			isa = PBXProject;
			attributes = {
				LastSwiftUpdateCheck = 1240;
				LastUpgradeCheck = 1240;
				TargetAttributes = {
					1F4947EC26392A7200636706 = {
						CreatedOnToolsVersion = 12.4;
					};
					1F49480226392A7300636706 = {
						CreatedOnToolsVersion = 12.4;
						TestTargetID = 1F4947EC26392A7200636706;
					};
					1F49480D26392A7300636706 = {
						CreatedOnToolsVersion = 12.4;
						TestTargetID = 1F4947EC26392A7200636706;
					};
				};
			};
			buildConfigurationList = 1F4947E826392A7200636706 /* Build configuration list for PBXProject "MVVMDemoProject" */;
			compatibilityVersion = "Xcode 9.3";
			developmentRegion = en;
			hasScannedForEncodings = 0;
			knownRegions = (
				en,
				Base,
			);
			mainGroup = 1F4947E426392A7200636706;
			productRefGroup = 1F4947EE26392A7200636706 /* Products */;
			projectDirPath = "";
			projectRoot = "";
			targets = (
				1F4947EC26392A7200636706 /* MVVMDemoProject */,
				1F49480226392A7300636706 /* MVVMDemoProjectTests */,
				1F49480D26392A7300636706 /* MVVMDemoProjectUITests */,
			);
		};
/* End PBXProject section */

/* Begin PBXResourcesBuildPhase section */
		1F4947EB26392A7200636706 /* Resources */ = {
			isa = PBXResourcesBuildPhase;
			buildActionMask = 2147483647;
			files = (
				1F4947FD26392A7300636706 /* LaunchScreen.storyboard in Resources */,
				1F4947FA26392A7300636706 /* Assets.xcassets in Resources */,
			);
			runOnlyForDeploymentPostprocessing = 0;
		};
		1F49480126392A7300636706 /* Resources */ = {
			isa = PBXResourcesBuildPhase;
			buildActionMask = 2147483647;
			files = (
			);
			runOnlyForDeploymentPostprocessing = 0;
		};
		1F49480C26392A7300636706 /* Resources */ = {
			isa = PBXResourcesBuildPhase;
			buildActionMask = 2147483647;
			files = (
			);
			runOnlyForDeploymentPostprocessing = 0;
		};
/* End PBXResourcesBuildPhase section */

/* Begin PBXSourcesBuildPhase section */
		1F4947E926392A7200636706 /* Sources */ = {
			isa = PBXSourcesBuildPhase;
			buildActionMask = 2147483647;
			files = (
				1F4947F126392A7200636706 /* AppDelegate.swift in Sources */,
				1F40A45F263A8509009EE8B2 /* ProductsDetail.swift in Sources */,
				1F40A45A263A81DD009EE8B2 /* ProductModel.swift in Sources */,
				1F494833263930A900636706 /* MainVC.swift in Sources */,
				1F40A450263A6F81009EE8B2 /* APIService.swift in Sources */,
				1F4947F326392A7200636706 /* SceneDelegate.swift in Sources */,
				1F40A455263A73E1009EE8B2 /* StoreModel.swift in Sources */,
			);
			runOnlyForDeploymentPostprocessing = 0;
		};
		1F4947FF26392A7300636706 /* Sources */ = {
			isa = PBXSourcesBuildPhase;
			buildActionMask = 2147483647;
			files = (
				1F49480826392A7300636706 /* MVVMDemoProjectTests.swift in Sources */,
			);
			runOnlyForDeploymentPostprocessing = 0;
		};
		1F49480A26392A7300636706 /* Sources */ = {
			isa = PBXSourcesBuildPhase;
			buildActionMask = 2147483647;
			files = (
				1F49481326392A7300636706 /* MVVMDemoProjectUITests.swift in Sources */,
			);
			runOnlyForDeploymentPostprocessing = 0;
		};
/* End PBXSourcesBuildPhase section */

/* Begin PBXTargetDependency section */
		1F49480526392A7300636706 /* PBXTargetDependency */ = {
			isa = PBXTargetDependency;
			target = 1F4947EC26392A7200636706 /* MVVMDemoProject */;
			targetProxy = 1F49480426392A7300636706 /* PBXContainerItemProxy */;
		};
		1F49481026392A7300636706 /* PBXTargetDependency */ = {
			isa = PBXTargetDependency;
			target = 1F4947EC26392A7200636706 /* MVVMDemoProject */;
			targetProxy = 1F49480F26392A7300636706 /* PBXContainerItemProxy */;
		};
/* End PBXTargetDependency section */

/* Begin PBXVariantGroup section */
		1F4947FB26392A7300636706 /* LaunchScreen.storyboard */ = {
			isa = PBXVariantGroup;
			children = (
				1F4947FC26392A7300636706 /* Base */,
			);
			name = LaunchScreen.storyboard;
			sourceTree = "<group>";
		};
/* End PBXVariantGroup section */

/* Begin XCBuildConfiguration section */
		1F49481526392A7300636706 /* Debug */ = {
			isa = XCBuildConfiguration;
			buildSettings = {
				ALWAYS_SEARCH_USER_PATHS = NO;
				CLANG_ANALYZER_NONNULL = YES;
				CLANG_ANALYZER_NUMBER_OBJECT_CONVERSION = YES_AGGRESSIVE;
				CLANG_CXX_LANGUAGE_STANDARD = "gnu++14";
				CLANG_CXX_LIBRARY = "libc++";
				CLANG_ENABLE_MODULES = YES;
				CLANG_ENABLE_OBJC_ARC = YES;
				CLANG_ENABLE_OBJC_WEAK = YES;
				CLANG_WARN_BLOCK_CAPTURE_AUTORELEASING = YES;
				CLANG_WARN_BOOL_CONVERSION = YES;
				CLANG_WARN_COMMA = YES;
				CLANG_WARN_CONSTANT_CONVERSION = YES;
				CLANG_WARN_DEPRECATED_OBJC_IMPLEMENTATIONS = YES;
				CLANG_WARN_DIRECT_OBJC_ISA_USAGE = YES_ERROR;
				CLANG_WARN_DOCUMENTATION_COMMENTS = YES;
				CLANG_WARN_EMPTY_BODY = YES;
				CLANG_WARN_ENUM_CONVERSION = YES;
				CLANG_WARN_INFINITE_RECURSION = YES;
				CLANG_WARN_INT_CONVERSION = YES;
				CLANG_WARN_NON_LITERAL_NULL_CONVERSION = YES;
				CLANG_WARN_OBJC_IMPLICIT_RETAIN_SELF = YES;
				CLANG_WARN_OBJC_LITERAL_CONVERSION = YES;
				CLANG_WARN_OBJC_ROOT_CLASS = YES_ERROR;
				CLANG_WARN_QUOTED_INCLUDE_IN_FRAMEWORK_HEADER = YES;
				CLANG_WARN_RANGE_LOOP_ANALYSIS = YES;
				CLANG_WARN_STRICT_PROTOTYPES = YES;
				CLANG_WARN_SUSPICIOUS_MOVE = YES;
				CLANG_WARN_UNGUARDED_AVAILABILITY = YES_AGGRESSIVE;
				CLANG_WARN_UNREACHABLE_CODE = YES;
				CLANG_WARN__DUPLICATE_METHOD_MATCH = YES;
				COPY_PHASE_STRIP = NO;
				DEBUG_INFORMATION_FORMAT = dwarf;
				ENABLE_STRICT_OBJC_MSGSEND = YES;
				ENABLE_TESTABILITY = YES;
				GCC_C_LANGUAGE_STANDARD = gnu11;
				GCC_DYNAMIC_NO_PIC = NO;
				GCC_NO_COMMON_BLOCKS = YES;
				GCC_OPTIMIZATION_LEVEL = 0;
				GCC_PREPROCESSOR_DEFINITIONS = (
					"DEBUG=1",
					"$(inherited)",
				);
				GCC_WARN_64_TO_32_BIT_CONVERSION = YES;
				GCC_WARN_ABOUT_RETURN_TYPE = YES_ERROR;
				GCC_WARN_UNDECLARED_SELECTOR = YES;
				GCC_WARN_UNINITIALIZED_AUTOS = YES_AGGRESSIVE;
				GCC_WARN_UNUSED_FUNCTION = YES;
				GCC_WARN_UNUSED_VARIABLE = YES;
				IPHONEOS_DEPLOYMENT_TARGET = 14.4;
				MTL_ENABLE_DEBUG_INFO = INCLUDE_SOURCE;
				MTL_FAST_MATH = YES;
				ONLY_ACTIVE_ARCH = YES;
				SDKROOT = iphoneos;
				SWIFT_ACTIVE_COMPILATION_CONDITIONS = DEBUG;
				SWIFT_OPTIMIZATION_LEVEL = "-Onone";
			};
			name = Debug;
		};
		1F49481626392A7300636706 /* Release */ = {
			isa = XCBuildConfiguration;
			buildSettings = {
				ALWAYS_SEARCH_USER_PATHS = NO;
				CLANG_ANALYZER_NONNULL = YES;
				CLANG_ANALYZER_NUMBER_OBJECT_CONVERSION = YES_AGGRESSIVE;
				CLANG_CXX_LANGUAGE_STANDARD = "gnu++14";
				CLANG_CXX_LIBRARY = "libc++";
				CLANG_ENABLE_MODULES = YES;
				CLANG_ENABLE_OBJC_ARC = YES;
				CLANG_ENABLE_OBJC_WEAK = YES;
				CLANG_WARN_BLOCK_CAPTURE_AUTORELEASING = YES;
				CLANG_WARN_BOOL_CONVERSION = YES;
				CLANG_WARN_COMMA = YES;
				CLANG_WARN_CONSTANT_CONVERSION = YES;
				CLANG_WARN_DEPRECATED_OBJC_IMPLEMENTATIONS = YES;
				CLANG_WARN_DIRECT_OBJC_ISA_USAGE = YES_ERROR;
				CLANG_WARN_DOCUMENTATION_COMMENTS = YES;
				CLANG_WARN_EMPTY_BODY = YES;
				CLANG_WARN_ENUM_CONVERSION = YES;
				CLANG_WARN_INFINITE_RECURSION = YES;
				CLANG_WARN_INT_CONVERSION = YES;
				CLANG_WARN_NON_LITERAL_NULL_CONVERSION = YES;
				CLANG_WARN_OBJC_IMPLICIT_RETAIN_SELF = YES;
				CLANG_WARN_OBJC_LITERAL_CONVERSION = YES;
				CLANG_WARN_OBJC_ROOT_CLASS = YES_ERROR;
				CLANG_WARN_QUOTED_INCLUDE_IN_FRAMEWORK_HEADER = YES;
				CLANG_WARN_RANGE_LOOP_ANALYSIS = YES;
				CLANG_WARN_STRICT_PROTOTYPES = YES;
				CLANG_WARN_SUSPICIOUS_MOVE = YES;
				CLANG_WARN_UNGUARDED_AVAILABILITY = YES_AGGRESSIVE;
				CLANG_WARN_UNREACHABLE_CODE = YES;
				CLANG_WARN__DUPLICATE_METHOD_MATCH = YES;
				COPY_PHASE_STRIP = NO;
				DEBUG_INFORMATION_FORMAT = "dwarf-with-dsym";
				ENABLE_NS_ASSERTIONS = NO;
				ENABLE_STRICT_OBJC_MSGSEND = YES;
				GCC_C_LANGUAGE_STANDARD = gnu11;
				GCC_NO_COMMON_BLOCKS = YES;
				GCC_WARN_64_TO_32_BIT_CONVERSION = YES;
				GCC_WARN_ABOUT_RETURN_TYPE = YES_ERROR;
				GCC_WARN_UNDECLARED_SELECTOR = YES;
				GCC_WARN_UNINITIALIZED_AUTOS = YES_AGGRESSIVE;
				GCC_WARN_UNUSED_FUNCTION = YES;
				GCC_WARN_UNUSED_VARIABLE = YES;
				IPHONEOS_DEPLOYMENT_TARGET = 14.4;
				MTL_ENABLE_DEBUG_INFO = NO;
				MTL_FAST_MATH = YES;
				SDKROOT = iphoneos;
				SWIFT_COMPILATION_MODE = wholemodule;
				SWIFT_OPTIMIZATION_LEVEL = "-O";
				VALIDATE_PRODUCT = YES;
			};
			name = Release;
		};
		1F49481826392A7300636706 /* Debug */ = {
			isa = XCBuildConfiguration;
			buildSettings = {
				ASSETCATALOG_COMPILER_APPICON_NAME = AppIcon;
				ASSETCATALOG_COMPILER_GLOBAL_ACCENT_COLOR_NAME = AccentColor;
				CODE_SIGN_STYLE = Automatic;
				DEVELOPMENT_TEAM = SNTB2L8C6Q;
				INFOPLIST_FILE = MVVMDemoProject/Info.plist;
				LD_RUNPATH_SEARCH_PATHS = (
					"$(inherited)",
					"@executable_path/Frameworks",
				);
				PRODUCT_BUNDLE_IDENTIFIER = com.hcdev.MVVMDemoProject;
				PRODUCT_NAME = "$(TARGET_NAME)";
				SWIFT_VERSION = 5.0;
				TARGETED_DEVICE_FAMILY = "1,2";
			};
			name = Debug;
		};
		1F49481926392A7300636706 /* Release */ = {
			isa = XCBuildConfiguration;
			buildSettings = {
				ASSETCATALOG_COMPILER_APPICON_NAME = AppIcon;
				ASSETCATALOG_COMPILER_GLOBAL_ACCENT_COLOR_NAME = AccentColor;
				CODE_SIGN_STYLE = Automatic;
				DEVELOPMENT_TEAM = SNTB2L8C6Q;
				INFOPLIST_FILE = MVVMDemoProject/Info.plist;
				LD_RUNPATH_SEARCH_PATHS = (
					"$(inherited)",
					"@executable_path/Frameworks",
				);
				PRODUCT_BUNDLE_IDENTIFIER = com.hcdev.MVVMDemoProject;
				PRODUCT_NAME = "$(TARGET_NAME)";
				SWIFT_VERSION = 5.0;
				TARGETED_DEVICE_FAMILY = "1,2";
			};
			name = Release;
		};
		1F49481B26392A7300636706 /* Debug */ = {
			isa = XCBuildConfiguration;
			buildSettings = {
				ALWAYS_EMBED_SWIFT_STANDARD_LIBRARIES = YES;
				BUNDLE_LOADER = "$(TEST_HOST)";
				CODE_SIGN_STYLE = Automatic;
				DEVELOPMENT_TEAM = SNTB2L8C6Q;
				INFOPLIST_FILE = MVVMDemoProjectTests/Info.plist;
				IPHONEOS_DEPLOYMENT_TARGET = 14.4;
				LD_RUNPATH_SEARCH_PATHS = (
					"$(inherited)",
					"@executable_path/Frameworks",
					"@loader_path/Frameworks",
				);
				PRODUCT_BUNDLE_IDENTIFIER = com.hcdev.MVVMDemoProjectTests;
				PRODUCT_NAME = "$(TARGET_NAME)";
				SWIFT_VERSION = 5.0;
				TARGETED_DEVICE_FAMILY = "1,2";
				TEST_HOST = "$(BUILT_PRODUCTS_DIR)/MVVMDemoProject.app/MVVMDemoProject";
			};
			name = Debug;
		};
		1F49481C26392A7300636706 /* Release */ = {
			isa = XCBuildConfiguration;
			buildSettings = {
				ALWAYS_EMBED_SWIFT_STANDARD_LIBRARIES = YES;
				BUNDLE_LOADER = "$(TEST_HOST)";
				CODE_SIGN_STYLE = Automatic;
				DEVELOPMENT_TEAM = SNTB2L8C6Q;
				INFOPLIST_FILE = MVVMDemoProjectTests/Info.plist;
				IPHONEOS_DEPLOYMENT_TARGET = 14.4;
				LD_RUNPATH_SEARCH_PATHS = (
					"$(inherited)",
					"@executable_path/Frameworks",
					"@loader_path/Frameworks",
				);
				PRODUCT_BUNDLE_IDENTIFIER = com.hcdev.MVVMDemoProjectTests;
				PRODUCT_NAME = "$(TARGET_NAME)";
				SWIFT_VERSION = 5.0;
				TARGETED_DEVICE_FAMILY = "1,2";
				TEST_HOST = "$(BUILT_PRODUCTS_DIR)/MVVMDemoProject.app/MVVMDemoProject";
			};
			name = Release;
		};
		1F49481E26392A7300636706 /* Debug */ = {
			isa = XCBuildConfiguration;
			buildSettings = {
				ALWAYS_EMBED_SWIFT_STANDARD_LIBRARIES = YES;
				CODE_SIGN_STYLE = Automatic;
				DEVELOPMENT_TEAM = SNTB2L8C6Q;
				INFOPLIST_FILE = MVVMDemoProjectUITests/Info.plist;
				LD_RUNPATH_SEARCH_PATHS = (
					"$(inherited)",
					"@executable_path/Frameworks",
					"@loader_path/Frameworks",
				);
				PRODUCT_BUNDLE_IDENTIFIER = com.hcdev.MVVMDemoProjectUITests;
				PRODUCT_NAME = "$(TARGET_NAME)";
				SWIFT_VERSION = 5.0;
				TARGETED_DEVICE_FAMILY = "1,2";
				TEST_TARGET_NAME = MVVMDemoProject;
			};
			name = Debug;
		};
		1F49481F26392A7300636706 /* Release */ = {
			isa = XCBuildConfiguration;
			buildSettings = {
				ALWAYS_EMBED_SWIFT_STANDARD_LIBRARIES = YES;
				CODE_SIGN_STYLE = Automatic;
				DEVELOPMENT_TEAM = SNTB2L8C6Q;
				INFOPLIST_FILE = MVVMDemoProjectUITests/Info.plist;
				LD_RUNPATH_SEARCH_PATHS = (
					"$(inherited)",
					"@executable_path/Frameworks",
					"@loader_path/Frameworks",
				);
				PRODUCT_BUNDLE_IDENTIFIER = com.hcdev.MVVMDemoProjectUITests;
				PRODUCT_NAME = "$(TARGET_NAME)";
				SWIFT_VERSION = 5.0;
				TARGETED_DEVICE_FAMILY = "1,2";
				TEST_TARGET_NAME = MVVMDemoProject;
			};
			name = Release;
		};
/* End XCBuildConfiguration section */

/* Begin XCConfigurationList section */
		1F4947E826392A7200636706 /* Build configuration list for PBXProject "MVVMDemoProject" */ = {
			isa = XCConfigurationList;
			buildConfigurations = (
				1F49481526392A7300636706 /* Debug */,
				1F49481626392A7300636706 /* Release */,
			);
			defaultConfigurationIsVisible = 0;
			defaultConfigurationName = Release;
		};
		1F49481726392A7300636706 /* Build configuration list for PBXNativeTarget "MVVMDemoProject" */ = {
			isa = XCConfigurationList;
			buildConfigurations = (
				1F49481826392A7300636706 /* Debug */,
				1F49481926392A7300636706 /* Release */,
			);
			defaultConfigurationIsVisible = 0;
			defaultConfigurationName = Release;
		};
		1F49481A26392A7300636706 /* Build configuration list for PBXNativeTarget "MVVMDemoProjectTests" */ = {
			isa = XCConfigurationList;
			buildConfigurations = (
				1F49481B26392A7300636706 /* Debug */,
				1F49481C26392A7300636706 /* Release */,
			);
			defaultConfigurationIsVisible = 0;
			defaultConfigurationName = Release;
		};
		1F49481D26392A7300636706 /* Build configuration list for PBXNativeTarget "MVVMDemoProjectUITests" */ = {
			isa = XCConfigurationList;
			buildConfigurations = (
				1F49481E26392A7300636706 /* Debug */,
				1F49481F26392A7300636706 /* Release */,
			);
			defaultConfigurationIsVisible = 0;
			defaultConfigurationName = Release;
		};
/* End XCConfigurationList section */
	};
	rootObject = 1F4947E526392A7200636706 /* Project object */;
}
